// !$*UTF8*$!
{
	archiveVersion = 1;
	classes = {
	};
	objectVersion = 51;
	objects = {

/* Begin PBXBuildFile section */
		A930FFB9248A8CF700C9E213 /* AppDelegate.swift in Sources */ = {isa = PBXBuildFile; fileRef = A930FFB8248A8CF700C9E213 /* AppDelegate.swift */; };
		A930FFBD248A8CF700C9E213 /* AssetsViewController.swift in Sources */ = {isa = PBXBuildFile; fileRef = A930FFBC248A8CF700C9E213 /* AssetsViewController.swift */; };
		A930FFC2248A8CFC00C9E213 /* Assets.xcassets in Resources */ = {isa = PBXBuildFile; fileRef = A930FFC1248A8CFC00C9E213 /* Assets.xcassets */; };
		A930FFC5248A8CFC00C9E213 /* LaunchScreen.storyboard in Resources */ = {isa = PBXBuildFile; fileRef = A930FFC3248A8CFC00C9E213 /* LaunchScreen.storyboard */; };
		A930FFEC248A918800C9E213 /* AssetsProtocols.swift in Sources */ = {isa = PBXBuildFile; fileRef = A930FFEB248A918800C9E213 /* AssetsProtocols.swift */; };
		A9B8FBFB248A94B700346734 /* AssetsPresenter.swift in Sources */ = {isa = PBXBuildFile; fileRef = A9B8FBFA248A94B700346734 /* AssetsPresenter.swift */; };
		A9B8FBFD248A950D00346734 /* AssetsInteractor.swift in Sources */ = {isa = PBXBuildFile; fileRef = A9B8FBFC248A950D00346734 /* AssetsInteractor.swift */; };
		A9B8FBFF248A954C00346734 /* AssetsRouter.swift in Sources */ = {isa = PBXBuildFile; fileRef = A9B8FBFE248A954C00346734 /* AssetsRouter.swift */; };
		A9B8FC01248A96BE00346734 /* Cryptocoin.swift in Sources */ = {isa = PBXBuildFile; fileRef = A9B8FC00248A96BE00346734 /* Cryptocoin.swift */; };
		A9B8FC04248A96EB00346734 /* Commodity.swift in Sources */ = {isa = PBXBuildFile; fileRef = A9B8FC03248A96EB00346734 /* Commodity.swift */; };
		A9B8FC06248A976700346734 /* Fiat.swift in Sources */ = {isa = PBXBuildFile; fileRef = A9B8FC05248A976700346734 /* Fiat.swift */; };
		A9B8FC08248A97FE00346734 /* AssetsResponse.swift in Sources */ = {isa = PBXBuildFile; fileRef = A9B8FC07248A97FE00346734 /* AssetsResponse.swift */; };
		A9B8FC0B248A987900346734 /* APIClient.swift in Sources */ = {isa = PBXBuildFile; fileRef = A9B8FC0A248A987900346734 /* APIClient.swift */; };
		A9B8FC0E248A993200346734 /* Response.swift in Sources */ = {isa = PBXBuildFile; fileRef = A9B8FC0D248A993200346734 /* Response.swift */; };
		A9B8FC11248BD56E00346734 /* Masterdata.json in Resources */ = {isa = PBXBuildFile; fileRef = A9B8FC10248BD56E00346734 /* Masterdata.json */; };
		A9B8FC18248BDE7000346734 /* TabBarViewController.swift in Sources */ = {isa = PBXBuildFile; fileRef = A9B8FC17248BDE7000346734 /* TabBarViewController.swift */; };
		A9B8FC1A248BDFD000346734 /* WalletsProtocols.swift in Sources */ = {isa = PBXBuildFile; fileRef = A9B8FC19248BDFD000346734 /* WalletsProtocols.swift */; };
		A9B8FC1C248BE0BD00346734 /* WalletsViewController.swift in Sources */ = {isa = PBXBuildFile; fileRef = A9B8FC1B248BE0BD00346734 /* WalletsViewController.swift */; };
		A9B8FC1E248C076300346734 /* UIComponents.swift in Sources */ = {isa = PBXBuildFile; fileRef = A9B8FC1D248C076300346734 /* UIComponents.swift */; };
		A9B8FC20248C07CB00346734 /* AppTheme.swift in Sources */ = {isa = PBXBuildFile; fileRef = A9B8FC1F248C07CB00346734 /* AppTheme.swift */; };
		A9B8FC22248C07E800346734 /* Extensions.swift in Sources */ = {isa = PBXBuildFile; fileRef = A9B8FC21248C07E800346734 /* Extensions.swift */; };
		A9B8FC24248C086900346734 /* Fonts.swift in Sources */ = {isa = PBXBuildFile; fileRef = A9B8FC23248C086900346734 /* Fonts.swift */; };
		A9B8FC2A248C0E9E00346734 /* AssetCell.swift in Sources */ = {isa = PBXBuildFile; fileRef = A9B8FC29248C0E9E00346734 /* AssetCell.swift */; };
		A9B8FC2C248C2C3800346734 /* SVGProcessor.swift in Sources */ = {isa = PBXBuildFile; fileRef = A9B8FC2B248C2C3800346734 /* SVGProcessor.swift */; };
		A9B8FC2E248D02FD00346734 /* Wallet.swift in Sources */ = {isa = PBXBuildFile; fileRef = A9B8FC2D248D02FD00346734 /* Wallet.swift */; };
		A9B8FC30248D032600346734 /* CommodityWallet.swift in Sources */ = {isa = PBXBuildFile; fileRef = A9B8FC2F248D032600346734 /* CommodityWallet.swift */; };
		A9B8FC32248D034200346734 /* FiatWallet.swift in Sources */ = {isa = PBXBuildFile; fileRef = A9B8FC31248D034200346734 /* FiatWallet.swift */; };
		A9B8FC34248D04F900346734 /* WalletsResponse.swift in Sources */ = {isa = PBXBuildFile; fileRef = A9B8FC33248D04F900346734 /* WalletsResponse.swift */; };
		A9B8FC36248D056100346734 /* WalletsPresenter.swift in Sources */ = {isa = PBXBuildFile; fileRef = A9B8FC35248D056100346734 /* WalletsPresenter.swift */; };
		A9B8FC38248D05BA00346734 /* WalletsInteractor.swift in Sources */ = {isa = PBXBuildFile; fileRef = A9B8FC37248D05BA00346734 /* WalletsInteractor.swift */; };
		A9B8FC3A248D06AE00346734 /* WalletsRouter.swift in Sources */ = {isa = PBXBuildFile; fileRef = A9B8FC39248D06AE00346734 /* WalletsRouter.swift */; };
		A9B8FC3D248D109900346734 /* WalletCell.swift in Sources */ = {isa = PBXBuildFile; fileRef = A9B8FC3C248D109900346734 /* WalletCell.swift */; };
		A9E805642490D87300C4305D /* AssetsPresenterTest.swift in Sources */ = {isa = PBXBuildFile; fileRef = A9E805632490D87300C4305D /* AssetsPresenterTest.swift */; };
		A9E805662490DC6100C4305D /* WalletsPresenterTest.swift in Sources */ = {isa = PBXBuildFile; fileRef = A9E805652490DC6100C4305D /* WalletsPresenterTest.swift */; };
		A9E805682490E19100C4305D /* AssetsInteractorTest.swift in Sources */ = {isa = PBXBuildFile; fileRef = A9E805672490E19100C4305D /* AssetsInteractorTest.swift */; };
		A9E8056A2490EA8700C4305D /* WalletsInteractorTest.swift in Sources */ = {isa = PBXBuildFile; fileRef = A9E805692490EA8700C4305D /* WalletsInteractorTest.swift */; };
		A9EF70B2248E5E4900111F4B /* Utils.swift in Sources */ = {isa = PBXBuildFile; fileRef = A9EF70B1248E5E4900111F4B /* Utils.swift */; };
		CD39F30669F902560D740B5E /* Pods_DemoTests.framework in Frameworks */ = {isa = PBXBuildFile; fileRef = 27C0987013D56ED76A40413D /* Pods_DemoTests.framework */; };
		DBCF0EAAAA9E16EBC6936A71 /* Pods_Demo.framework in Frameworks */ = {isa = PBXBuildFile; fileRef = 2D062574FE1ECDC56B5A1262 /* Pods_Demo.framework */; };
/* End PBXBuildFile section */

/* Begin PBXContainerItemProxy section */
		A930FFCC248A8CFC00C9E213 /* PBXContainerItemProxy */ = {
			isa = PBXContainerItemProxy;
			containerPortal = A930FFAD248A8CF700C9E213 /* Project object */;
			proxyType = 1;
			remoteGlobalIDString = A930FFB4248A8CF700C9E213;
			remoteInfo = Demo;
		};
/* End PBXContainerItemProxy section */

/* Begin PBXFileReference section */
		27C0987013D56ED76A40413D /* Pods_DemoTests.framework */ = {isa = PBXFileReference; explicitFileType = wrapper.framework; includeInIndex = 0; path = Pods_DemoTests.framework; sourceTree = BUILT_PRODUCTS_DIR; };
		2D062574FE1ECDC56B5A1262 /* Pods_Demo.framework */ = {isa = PBXFileReference; explicitFileType = wrapper.framework; includeInIndex = 0; path = Pods_Demo.framework; sourceTree = BUILT_PRODUCTS_DIR; };
		6F079A8C782E730623731C86 /* Pods-DemoTests.debug.xcconfig */ = {isa = PBXFileReference; includeInIndex = 1; lastKnownFileType = text.xcconfig; name = "Pods-DemoTests.debug.xcconfig"; path = "Target Support Files/Pods-DemoTests/Pods-DemoTests.debug.xcconfig"; sourceTree = "<group>"; };
		7D4313BD6F096DEAEFFA358C /* Pods-Demo.release.xcconfig */ = {isa = PBXFileReference; includeInIndex = 1; lastKnownFileType = text.xcconfig; name = "Pods-Demo.release.xcconfig"; path = "Target Support Files/Pods-Demo/Pods-Demo.release.xcconfig"; sourceTree = "<group>"; };
		A930FFB5248A8CF700C9E213 /* Demo.app */ = {isa = PBXFileReference; explicitFileType = wrapper.application; includeInIndex = 0; path = Demo.app; sourceTree = BUILT_PRODUCTS_DIR; };
		A930FFB8248A8CF700C9E213 /* AppDelegate.swift */ = {isa = PBXFileReference; lastKnownFileType = sourcecode.swift; path = AppDelegate.swift; sourceTree = "<group>"; };
		A930FFBC248A8CF700C9E213 /* AssetsViewController.swift */ = {isa = PBXFileReference; lastKnownFileType = sourcecode.swift; path = AssetsViewController.swift; sourceTree = "<group>"; };
		A930FFC1248A8CFC00C9E213 /* Assets.xcassets */ = {isa = PBXFileReference; lastKnownFileType = folder.assetcatalog; path = Assets.xcassets; sourceTree = "<group>"; };
		A930FFC4248A8CFC00C9E213 /* Base */ = {isa = PBXFileReference; lastKnownFileType = file.storyboard; name = Base; path = Base.lproj/LaunchScreen.storyboard; sourceTree = "<group>"; };
		A930FFC6248A8CFC00C9E213 /* Info.plist */ = {isa = PBXFileReference; lastKnownFileType = text.plist.xml; path = Info.plist; sourceTree = "<group>"; };
		A930FFCB248A8CFC00C9E213 /* DemoTests.xctest */ = {isa = PBXFileReference; explicitFileType = wrapper.cfbundle; includeInIndex = 0; path = DemoTests.xctest; sourceTree = BUILT_PRODUCTS_DIR; };
		A930FFD1248A8CFC00C9E213 /* Info.plist */ = {isa = PBXFileReference; lastKnownFileType = text.plist.xml; path = Info.plist; sourceTree = "<group>"; };
		A930FFEB248A918800C9E213 /* AssetsProtocols.swift */ = {isa = PBXFileReference; lastKnownFileType = sourcecode.swift; path = AssetsProtocols.swift; sourceTree = "<group>"; };
		A9B8FBFA248A94B700346734 /* AssetsPresenter.swift */ = {isa = PBXFileReference; lastKnownFileType = sourcecode.swift; path = AssetsPresenter.swift; sourceTree = "<group>"; };
		A9B8FBFC248A950D00346734 /* AssetsInteractor.swift */ = {isa = PBXFileReference; lastKnownFileType = sourcecode.swift; path = AssetsInteractor.swift; sourceTree = "<group>"; };
		A9B8FBFE248A954C00346734 /* AssetsRouter.swift */ = {isa = PBXFileReference; lastKnownFileType = sourcecode.swift; path = AssetsRouter.swift; sourceTree = "<group>"; };
		A9B8FC00248A96BE00346734 /* Cryptocoin.swift */ = {isa = PBXFileReference; lastKnownFileType = sourcecode.swift; path = Cryptocoin.swift; sourceTree = "<group>"; };
		A9B8FC03248A96EB00346734 /* Commodity.swift */ = {isa = PBXFileReference; lastKnownFileType = sourcecode.swift; path = Commodity.swift; sourceTree = "<group>"; };
		A9B8FC05248A976700346734 /* Fiat.swift */ = {isa = PBXFileReference; lastKnownFileType = sourcecode.swift; path = Fiat.swift; sourceTree = "<group>"; };
		A9B8FC07248A97FE00346734 /* AssetsResponse.swift */ = {isa = PBXFileReference; lastKnownFileType = sourcecode.swift; path = AssetsResponse.swift; sourceTree = "<group>"; };
		A9B8FC0A248A987900346734 /* APIClient.swift */ = {isa = PBXFileReference; lastKnownFileType = sourcecode.swift; path = APIClient.swift; sourceTree = "<group>"; };
		A9B8FC0D248A993200346734 /* Response.swift */ = {isa = PBXFileReference; lastKnownFileType = sourcecode.swift; path = Response.swift; sourceTree = "<group>"; };
		A9B8FC10248BD56E00346734 /* Masterdata.json */ = {isa = PBXFileReference; fileEncoding = 4; lastKnownFileType = text.json; path = Masterdata.json; sourceTree = "<group>"; };
		A9B8FC17248BDE7000346734 /* TabBarViewController.swift */ = {isa = PBXFileReference; lastKnownFileType = sourcecode.swift; path = TabBarViewController.swift; sourceTree = "<group>"; };
		A9B8FC19248BDFD000346734 /* WalletsProtocols.swift */ = {isa = PBXFileReference; lastKnownFileType = sourcecode.swift; path = WalletsProtocols.swift; sourceTree = "<group>"; };
		A9B8FC1B248BE0BD00346734 /* WalletsViewController.swift */ = {isa = PBXFileReference; lastKnownFileType = sourcecode.swift; path = WalletsViewController.swift; sourceTree = "<group>"; };
		A9B8FC1D248C076300346734 /* UIComponents.swift */ = {isa = PBXFileReference; lastKnownFileType = sourcecode.swift; path = UIComponents.swift; sourceTree = "<group>"; };
		A9B8FC1F248C07CB00346734 /* AppTheme.swift */ = {isa = PBXFileReference; lastKnownFileType = sourcecode.swift; path = AppTheme.swift; sourceTree = "<group>"; };
		A9B8FC21248C07E800346734 /* Extensions.swift */ = {isa = PBXFileReference; lastKnownFileType = sourcecode.swift; path = Extensions.swift; sourceTree = "<group>"; };
		A9B8FC23248C086900346734 /* Fonts.swift */ = {isa = PBXFileReference; lastKnownFileType = sourcecode.swift; path = Fonts.swift; sourceTree = "<group>"; };
		A9B8FC29248C0E9E00346734 /* AssetCell.swift */ = {isa = PBXFileReference; lastKnownFileType = sourcecode.swift; path = AssetCell.swift; sourceTree = "<group>"; };
		A9B8FC2B248C2C3800346734 /* SVGProcessor.swift */ = {isa = PBXFileReference; lastKnownFileType = sourcecode.swift; path = SVGProcessor.swift; sourceTree = "<group>"; };
		A9B8FC2D248D02FD00346734 /* Wallet.swift */ = {isa = PBXFileReference; lastKnownFileType = sourcecode.swift; path = Wallet.swift; sourceTree = "<group>"; };
		A9B8FC2F248D032600346734 /* CommodityWallet.swift */ = {isa = PBXFileReference; lastKnownFileType = sourcecode.swift; path = CommodityWallet.swift; sourceTree = "<group>"; };
		A9B8FC31248D034200346734 /* FiatWallet.swift */ = {isa = PBXFileReference; lastKnownFileType = sourcecode.swift; path = FiatWallet.swift; sourceTree = "<group>"; };
		A9B8FC33248D04F900346734 /* WalletsResponse.swift */ = {isa = PBXFileReference; lastKnownFileType = sourcecode.swift; path = WalletsResponse.swift; sourceTree = "<group>"; };
		A9B8FC35248D056100346734 /* WalletsPresenter.swift */ = {isa = PBXFileReference; lastKnownFileType = sourcecode.swift; path = WalletsPresenter.swift; sourceTree = "<group>"; };
		A9B8FC37248D05BA00346734 /* WalletsInteractor.swift */ = {isa = PBXFileReference; lastKnownFileType = sourcecode.swift; path = WalletsInteractor.swift; sourceTree = "<group>"; };
		A9B8FC39248D06AE00346734 /* WalletsRouter.swift */ = {isa = PBXFileReference; lastKnownFileType = sourcecode.swift; path = WalletsRouter.swift; sourceTree = "<group>"; };
		A9B8FC3C248D109900346734 /* WalletCell.swift */ = {isa = PBXFileReference; lastKnownFileType = sourcecode.swift; path = WalletCell.swift; sourceTree = "<group>"; };
		A9E805632490D87300C4305D /* AssetsPresenterTest.swift */ = {isa = PBXFileReference; lastKnownFileType = sourcecode.swift; path = AssetsPresenterTest.swift; sourceTree = "<group>"; };
		A9E805652490DC6100C4305D /* WalletsPresenterTest.swift */ = {isa = PBXFileReference; lastKnownFileType = sourcecode.swift; path = WalletsPresenterTest.swift; sourceTree = "<group>"; };
		A9E805672490E19100C4305D /* AssetsInteractorTest.swift */ = {isa = PBXFileReference; lastKnownFileType = sourcecode.swift; path = AssetsInteractorTest.swift; sourceTree = "<group>"; };
		A9E805692490EA8700C4305D /* WalletsInteractorTest.swift */ = {isa = PBXFileReference; lastKnownFileType = sourcecode.swift; path = WalletsInteractorTest.swift; sourceTree = "<group>"; };
		A9EF70B1248E5E4900111F4B /* Utils.swift */ = {isa = PBXFileReference; lastKnownFileType = sourcecode.swift; path = Utils.swift; sourceTree = "<group>"; };
		B9A51EA04CD68A062B806DFF /* Pods-DemoTests.release.xcconfig */ = {isa = PBXFileReference; includeInIndex = 1; lastKnownFileType = text.xcconfig; name = "Pods-DemoTests.release.xcconfig"; path = "Target Support Files/Pods-DemoTests/Pods-DemoTests.release.xcconfig"; sourceTree = "<group>"; };
		D16C0A4BC921D6A794C09DF5 /* Pods-Demo.debug.xcconfig */ = {isa = PBXFileReference; includeInIndex = 1; lastKnownFileType = text.xcconfig; name = "Pods-Demo.debug.xcconfig"; path = "Target Support Files/Pods-Demo/Pods-Demo.debug.xcconfig"; sourceTree = "<group>"; };
/* End PBXFileReference section */

/* Begin PBXFrameworksBuildPhase section */
		A930FFB2248A8CF700C9E213 /* Frameworks */ = {
			isa = PBXFrameworksBuildPhase;
			buildActionMask = 2147483647;
			files = (
				DBCF0EAAAA9E16EBC6936A71 /* Pods_Demo.framework in Frameworks */,
			);
			runOnlyForDeploymentPostprocessing = 0;
		};
		A930FFC8248A8CFC00C9E213 /* Frameworks */ = {
			isa = PBXFrameworksBuildPhase;
			buildActionMask = 2147483647;
			files = (
				CD39F30669F902560D740B5E /* Pods_DemoTests.framework in Frameworks */,
			);
			runOnlyForDeploymentPostprocessing = 0;
		};
/* End PBXFrameworksBuildPhase section */

/* Begin PBXGroup section */
		5560CED5DD37FA789B1AF26F /* Pods */ = {
			isa = PBXGroup;
			children = (
				D16C0A4BC921D6A794C09DF5 /* Pods-Demo.debug.xcconfig */,
				7D4313BD6F096DEAEFFA358C /* Pods-Demo.release.xcconfig */,
				6F079A8C782E730623731C86 /* Pods-DemoTests.debug.xcconfig */,
				B9A51EA04CD68A062B806DFF /* Pods-DemoTests.release.xcconfig */,
			);
			path = Pods;
			sourceTree = "<group>";
		};
		9A7D8246B3D00B8B5581AB7F /* Frameworks */ = {
			isa = PBXGroup;
			children = (
				2D062574FE1ECDC56B5A1262 /* Pods_Demo.framework */,
				27C0987013D56ED76A40413D /* Pods_DemoTests.framework */,
			);
			name = Frameworks;
			sourceTree = "<group>";
		};
		A930FFAC248A8CF700C9E213 = {
			isa = PBXGroup;
			children = (
				A930FFB7248A8CF700C9E213 /* Demo */,
				A930FFCE248A8CFC00C9E213 /* DemoTests */,
				A930FFB6248A8CF700C9E213 /* Products */,
				5560CED5DD37FA789B1AF26F /* Pods */,
				9A7D8246B3D00B8B5581AB7F /* Frameworks */,
			);
			sourceTree = "<group>";
		};
		A930FFB6248A8CF700C9E213 /* Products */ = {
			isa = PBXGroup;
			children = (
				A930FFB5248A8CF700C9E213 /* Demo.app */,
				A930FFCB248A8CFC00C9E213 /* DemoTests.xctest */,
			);
			name = Products;
			sourceTree = "<group>";
		};
		A930FFB7248A8CF700C9E213 /* Demo */ = {
			isa = PBXGroup;
			children = (
				A9B8FC12248BDE1C00346734 /* helpers */,
				A9B8FC0F248BD55F00346734 /* json-file */,
				A9B8FC09248A986700346734 /* api-client */,
				A930FFDA248A8D2E00C9E213 /* app-settings */,
				A930FFDB248A8F1D00C9E213 /* app-modules */,
				A930FFC1248A8CFC00C9E213 /* Assets.xcassets */,
				A930FFC3248A8CFC00C9E213 /* LaunchScreen.storyboard */,
				A930FFC6248A8CFC00C9E213 /* Info.plist */,
			);
			path = Demo;
			sourceTree = "<group>";
		};
		A930FFCE248A8CFC00C9E213 /* DemoTests */ = {
			isa = PBXGroup;
			children = (
				A9E8055A2490D71E00C4305D /* assets-module */,
				A9E805592490D70C00C4305D /* wallets-module */,
				A930FFD1248A8CFC00C9E213 /* Info.plist */,
			);
			path = DemoTests;
			sourceTree = "<group>";
		};
		A930FFDA248A8D2E00C9E213 /* app-settings */ = {
			isa = PBXGroup;
			children = (
				A930FFB8248A8CF700C9E213 /* AppDelegate.swift */,
			);
			path = "app-settings";
			sourceTree = "<group>";
		};
		A930FFDB248A8F1D00C9E213 /* app-modules */ = {
			isa = PBXGroup;
			children = (
				A930FFDE248A8F4A00C9E213 /* base */,
				A930FFDC248A8F3100C9E213 /* assets-module */,
				A930FFDD248A8F3800C9E213 /* wallets-module */,
			);
			path = "app-modules";
			sourceTree = "<group>";
		};
		A930FFDC248A8F3100C9E213 /* assets-module */ = {
			isa = PBXGroup;
			children = (
				A930FFE9248A915D00C9E213 /* protocols */,
				A930FFE8248A90DA00C9E213 /* view */,
				A930FFE7248A90D100C9E213 /* interactor */,
				A930FFE6248A90CC00C9E213 /* presenter */,
				A930FFE5248A90C200C9E213 /* entity */,
				A930FFE4248A90BB00C9E213 /* router */,
			);
			path = "assets-module";
			sourceTree = "<group>";
		};
		A930FFDD248A8F3800C9E213 /* wallets-module */ = {
			isa = PBXGroup;
			children = (
				A930FFEA248A916500C9E213 /* protocols */,
				A930FFE3248A90B100C9E213 /* view */,
				A930FFE2248A90A600C9E213 /* interactor */,
				A930FFE1248A90A000C9E213 /* presenter */,
				A930FFE0248A909A00C9E213 /* entity */,
				A930FFDF248A908B00C9E213 /* router */,
			);
			path = "wallets-module";
			sourceTree = "<group>";
		};
		A930FFDE248A8F4A00C9E213 /* base */ = {
			isa = PBXGroup;
			children = (
				A9B8FC17248BDE7000346734 /* TabBarViewController.swift */,
			);
			path = base;
			sourceTree = "<group>";
		};
		A930FFDF248A908B00C9E213 /* router */ = {
			isa = PBXGroup;
			children = (
				A9B8FC39248D06AE00346734 /* WalletsRouter.swift */,
			);
			path = router;
			sourceTree = "<group>";
		};
		A930FFE0248A909A00C9E213 /* entity */ = {
			isa = PBXGroup;
			children = (
				A9B8FC2D248D02FD00346734 /* Wallet.swift */,
				A9B8FC2F248D032600346734 /* CommodityWallet.swift */,
				A9B8FC31248D034200346734 /* FiatWallet.swift */,
				A9B8FC33248D04F900346734 /* WalletsResponse.swift */,
			);
			path = entity;
			sourceTree = "<group>";
		};
		A930FFE1248A90A000C9E213 /* presenter */ = {
			isa = PBXGroup;
			children = (
				A9B8FC35248D056100346734 /* WalletsPresenter.swift */,
			);
			path = presenter;
			sourceTree = "<group>";
		};
		A930FFE2248A90A600C9E213 /* interactor */ = {
			isa = PBXGroup;
			children = (
				A9B8FC37248D05BA00346734 /* WalletsInteractor.swift */,
			);
			path = interactor;
			sourceTree = "<group>";
		};
		A930FFE3248A90B100C9E213 /* view */ = {
			isa = PBXGroup;
			children = (
				A9B8FC3B248D108500346734 /* cell */,
				A9B8FC1B248BE0BD00346734 /* WalletsViewController.swift */,
			);
			path = view;
			sourceTree = "<group>";
		};
		A930FFE4248A90BB00C9E213 /* router */ = {
			isa = PBXGroup;
			children = (
				A9B8FBFE248A954C00346734 /* AssetsRouter.swift */,
			);
			path = router;
			sourceTree = "<group>";
		};
		A930FFE5248A90C200C9E213 /* entity */ = {
			isa = PBXGroup;
			children = (
				A9B8FC00248A96BE00346734 /* Cryptocoin.swift */,
				A9B8FC03248A96EB00346734 /* Commodity.swift */,
				A9B8FC05248A976700346734 /* Fiat.swift */,
				A9B8FC07248A97FE00346734 /* AssetsResponse.swift */,
			);
			path = entity;
			sourceTree = "<group>";
		};
		A930FFE6248A90CC00C9E213 /* presenter */ = {
			isa = PBXGroup;
			children = (
				A9B8FBFA248A94B700346734 /* AssetsPresenter.swift */,
			);
			path = presenter;
			sourceTree = "<group>";
		};
		A930FFE7248A90D100C9E213 /* interactor */ = {
			isa = PBXGroup;
			children = (
				A9B8FBFC248A950D00346734 /* AssetsInteractor.swift */,
			);
			path = interactor;
			sourceTree = "<group>";
		};
		A930FFE8248A90DA00C9E213 /* view */ = {
			isa = PBXGroup;
			children = (
				A9B8FC27248C0E8200346734 /* cell */,
				A930FFBC248A8CF700C9E213 /* AssetsViewController.swift */,
			);
			path = view;
			sourceTree = "<group>";
		};
		A930FFE9248A915D00C9E213 /* protocols */ = {
			isa = PBXGroup;
			children = (
				A930FFEB248A918800C9E213 /* AssetsProtocols.swift */,
			);
			path = protocols;
			sourceTree = "<group>";
		};
		A930FFEA248A916500C9E213 /* protocols */ = {
			isa = PBXGroup;
			children = (
				A9B8FC19248BDFD000346734 /* WalletsProtocols.swift */,
			);
			path = protocols;
			sourceTree = "<group>";
		};
		A9B8FC09248A986700346734 /* api-client */ = {
			isa = PBXGroup;
			children = (
				A9B8FC0C248A992800346734 /* model */,
				A9B8FC0A248A987900346734 /* APIClient.swift */,
			);
			path = "api-client";
			sourceTree = "<group>";
		};
		A9B8FC0C248A992800346734 /* model */ = {
			isa = PBXGroup;
			children = (
				A9B8FC0D248A993200346734 /* Response.swift */,
			);
			path = model;
			sourceTree = "<group>";
		};
		A9B8FC0F248BD55F00346734 /* json-file */ = {
			isa = PBXGroup;
			children = (
				A9B8FC10248BD56E00346734 /* Masterdata.json */,
			);
			path = "json-file";
			sourceTree = "<group>";
		};
		A9B8FC12248BDE1C00346734 /* helpers */ = {
			isa = PBXGroup;
			children = (
				A9EF70B0248E5E3900111F4B /* utils */,
				A9B8FC16248BDE4000346734 /* ui-components */,
				A9B8FC15248BDE3C00346734 /* font */,
				A9B8FC14248BDE3500346734 /* extensions */,
				A9B8FC13248BDE2900346734 /* app-theme */,
			);
			path = helpers;
			sourceTree = "<group>";
		};
		A9B8FC13248BDE2900346734 /* app-theme */ = {
			isa = PBXGroup;
			children = (
				A9B8FC1F248C07CB00346734 /* AppTheme.swift */,
			);
			path = "app-theme";
			sourceTree = "<group>";
		};
		A9B8FC14248BDE3500346734 /* extensions */ = {
			isa = PBXGroup;
			children = (
				A9B8FC21248C07E800346734 /* Extensions.swift */,
			);
			path = extensions;
			sourceTree = "<group>";
		};
		A9B8FC15248BDE3C00346734 /* font */ = {
			isa = PBXGroup;
			children = (
				A9B8FC23248C086900346734 /* Fonts.swift */,
			);
			path = font;
			sourceTree = "<group>";
		};
		A9B8FC16248BDE4000346734 /* ui-components */ = {
			isa = PBXGroup;
			children = (
				A9B8FC1D248C076300346734 /* UIComponents.swift */,
			);
			path = "ui-components";
			sourceTree = "<group>";
		};
		A9B8FC27248C0E8200346734 /* cell */ = {
			isa = PBXGroup;
			children = (
				A9B8FC29248C0E9E00346734 /* AssetCell.swift */,
			);
			path = cell;
			sourceTree = "<group>";
		};
		A9B8FC3B248D108500346734 /* cell */ = {
			isa = PBXGroup;
			children = (
				A9B8FC3C248D109900346734 /* WalletCell.swift */,
			);
			path = cell;
			sourceTree = "<group>";
		};
		A9E805592490D70C00C4305D /* wallets-module */ = {
			isa = PBXGroup;
			children = (
				A9E8055E2490D73E00C4305D /* interactor */,
				A9E8055C2490D72F00C4305D /* presenter */,
			);
			path = "wallets-module";
			sourceTree = "<group>";
		};
		A9E8055A2490D71E00C4305D /* assets-module */ = {
			isa = PBXGroup;
			children = (
				A9E8055D2490D73800C4305D /* interactor */,
				A9E8055B2490D72700C4305D /* presenter */,
			);
			path = "assets-module";
			sourceTree = "<group>";
		};
		A9E8055B2490D72700C4305D /* presenter */ = {
			isa = PBXGroup;
			children = (
				A9E805632490D87300C4305D /* AssetsPresenterTest.swift */,
			);
			path = presenter;
			sourceTree = "<group>";
		};
		A9E8055C2490D72F00C4305D /* presenter */ = {
			isa = PBXGroup;
			children = (
				A9E805652490DC6100C4305D /* WalletsPresenterTest.swift */,
			);
			path = presenter;
			sourceTree = "<group>";
		};
		A9E8055D2490D73800C4305D /* interactor */ = {
			isa = PBXGroup;
			children = (
				A9E805672490E19100C4305D /* AssetsInteractorTest.swift */,
			);
			path = interactor;
			sourceTree = "<group>";
		};
		A9E8055E2490D73E00C4305D /* interactor */ = {
			isa = PBXGroup;
			children = (
				A9E805692490EA8700C4305D /* WalletsInteractorTest.swift */,
			);
			path = interactor;
			sourceTree = "<group>";
		};
		A9EF70B0248E5E3900111F4B /* utils */ = {
			isa = PBXGroup;
			children = (
				A9B8FC2B248C2C3800346734 /* SVGProcessor.swift */,
				A9EF70B1248E5E4900111F4B /* Utils.swift */,
			);
			path = utils;
			sourceTree = "<group>";
		};
/* End PBXGroup section */

/* Begin PBXNativeTarget section */
		A930FFB4248A8CF700C9E213 /* Demo */ = {
			isa = PBXNativeTarget;
			buildConfigurationList = A930FFD4248A8CFC00C9E213 /* Build configuration list for PBXNativeTarget "Demo" */;
			buildPhases = (
				8EC700E78B254A8CE8461F91 /* [CP] Check Pods Manifest.lock */,
				A930FFB1248A8CF700C9E213 /* Sources */,
				A930FFB2248A8CF700C9E213 /* Frameworks */,
				A930FFB3248A8CF700C9E213 /* Resources */,
				FD58D436E22826DF20CCADCD /* [CP] Embed Pods Frameworks */,
			);
			buildRules = (
			);
			dependencies = (
			);
			name = Demo;
			productName = Demo;
			productReference = A930FFB5248A8CF700C9E213 /* Demo.app */;
			productType = "com.apple.product-type.application";
		};
		A930FFCA248A8CFC00C9E213 /* DemoTests */ = {
			isa = PBXNativeTarget;
			buildConfigurationList = A930FFD7248A8CFC00C9E213 /* Build configuration list for PBXNativeTarget "DemoTests" */;
			buildPhases = (
				3D99CB6117CA9C7A905FDBA3 /* [CP] Check Pods Manifest.lock */,
				A930FFC7248A8CFC00C9E213 /* Sources */,
				A930FFC8248A8CFC00C9E213 /* Frameworks */,
				A930FFC9248A8CFC00C9E213 /* Resources */,
			);
			buildRules = (
			);
			dependencies = (
				A930FFCD248A8CFC00C9E213 /* PBXTargetDependency */,
			);
			name = DemoTests;
			productName = DemoTests;
			productReference = A930FFCB248A8CFC00C9E213 /* DemoTests.xctest */;
			productType = "com.apple.product-type.bundle.unit-test";
		};
/* End PBXNativeTarget section */

/* Begin PBXProject section */
		A930FFAD248A8CF700C9E213 /* Project object */ = {
			isa = PBXProject;
			attributes = {
				LastSwiftUpdateCheck = 1130;
				LastUpgradeCheck = 1130;
				ORGANIZATIONNAME = "Farhan Mirza";
				TargetAttributes = {
					A930FFB4248A8CF700C9E213 = {
						CreatedOnToolsVersion = 11.3.1;
					};
					A930FFCA248A8CFC00C9E213 = {
						CreatedOnToolsVersion = 11.3.1;
						TestTargetID = A930FFB4248A8CF700C9E213;
					};
				};
			};
			buildConfigurationList = A930FFB0248A8CF700C9E213 /* Build configuration list for PBXProject "Demo" */;
			compatibilityVersion = "Xcode 9.3";
			developmentRegion = en;
			hasScannedForEncodings = 0;
			knownRegions = (
				en,
				Base,
			);
			mainGroup = A930FFAC248A8CF700C9E213;
			productRefGroup = A930FFB6248A8CF700C9E213 /* Products */;
			projectDirPath = "";
			projectRoot = "";
			targets = (
				A930FFB4248A8CF700C9E213 /* Demo */,
				A930FFCA248A8CFC00C9E213 /* DemoTests */,
			);
		};
/* End PBXProject section */

/* Begin PBXResourcesBuildPhase section */
		A930FFB3248A8CF700C9E213 /* Resources */ = {
			isa = PBXResourcesBuildPhase;
			buildActionMask = 2147483647;
			files = (
				A930FFC5248A8CFC00C9E213 /* LaunchScreen.storyboard in Resources */,
				A930FFC2248A8CFC00C9E213 /* Assets.xcassets in Resources */,
				A9B8FC11248BD56E00346734 /* Masterdata.json in Resources */,
			);
			runOnlyForDeploymentPostprocessing = 0;
		};
		A930FFC9248A8CFC00C9E213 /* Resources */ = {
			isa = PBXResourcesBuildPhase;
			buildActionMask = 2147483647;
			files = (
			);
			runOnlyForDeploymentPostprocessing = 0;
		};
/* End PBXResourcesBuildPhase section */

/* Begin PBXShellScriptBuildPhase section */
		3D99CB6117CA9C7A905FDBA3 /* [CP] Check Pods Manifest.lock */ = {
			isa = PBXShellScriptBuildPhase;
			buildActionMask = 2147483647;
			files = (
			);
			inputFileListPaths = (
			);
			inputPaths = (
				"${PODS_PODFILE_DIR_PATH}/Podfile.lock",
				"${PODS_ROOT}/Manifest.lock",
			);
			name = "[CP] Check Pods Manifest.lock";
			outputFileListPaths = (
			);
			outputPaths = (
				"$(DERIVED_FILE_DIR)/Pods-DemoTests-checkManifestLockResult.txt",
			);
			runOnlyForDeploymentPostprocessing = 0;
			shellPath = /bin/sh;
			shellScript = "diff \"${PODS_PODFILE_DIR_PATH}/Podfile.lock\" \"${PODS_ROOT}/Manifest.lock\" > /dev/null\nif [ $? != 0 ] ; then\n    # print error to STDERR\n    echo \"error: The sandbox is not in sync with the Podfile.lock. Run 'pod install' or update your CocoaPods installation.\" >&2\n    exit 1\nfi\n# This output is used by Xcode 'outputs' to avoid re-running this script phase.\necho \"SUCCESS\" > \"${SCRIPT_OUTPUT_FILE_0}\"\n";
			showEnvVarsInLog = 0;
		};
		8EC700E78B254A8CE8461F91 /* [CP] Check Pods Manifest.lock */ = {
			isa = PBXShellScriptBuildPhase;
			buildActionMask = 2147483647;
			files = (
			);
			inputFileListPaths = (
			);
			inputPaths = (
				"${PODS_PODFILE_DIR_PATH}/Podfile.lock",
				"${PODS_ROOT}/Manifest.lock",
			);
			name = "[CP] Check Pods Manifest.lock";
			outputFileListPaths = (
			);
			outputPaths = (
				"$(DERIVED_FILE_DIR)/Pods-Demo-checkManifestLockResult.txt",
			);
			runOnlyForDeploymentPostprocessing = 0;
			shellPath = /bin/sh;
			shellScript = "diff \"${PODS_PODFILE_DIR_PATH}/Podfile.lock\" \"${PODS_ROOT}/Manifest.lock\" > /dev/null\nif [ $? != 0 ] ; then\n    # print error to STDERR\n    echo \"error: The sandbox is not in sync with the Podfile.lock. Run 'pod install' or update your CocoaPods installation.\" >&2\n    exit 1\nfi\n# This output is used by Xcode 'outputs' to avoid re-running this script phase.\necho \"SUCCESS\" > \"${SCRIPT_OUTPUT_FILE_0}\"\n";
			showEnvVarsInLog = 0;
		};
		FD58D436E22826DF20CCADCD /* [CP] Embed Pods Frameworks */ = {
			isa = PBXShellScriptBuildPhase;
			buildActionMask = 2147483647;
			files = (
			);
			inputFileListPaths = (
				"${PODS_ROOT}/Target Support Files/Pods-Demo/Pods-Demo-frameworks-${CONFIGURATION}-input-files.xcfilelist",
			);
			name = "[CP] Embed Pods Frameworks";
			outputFileListPaths = (
				"${PODS_ROOT}/Target Support Files/Pods-Demo/Pods-Demo-frameworks-${CONFIGURATION}-output-files.xcfilelist",
			);
			runOnlyForDeploymentPostprocessing = 0;
			shellPath = /bin/sh;
			shellScript = "\"${PODS_ROOT}/Target Support Files/Pods-Demo/Pods-Demo-frameworks.sh\"\n";
			showEnvVarsInLog = 0;
		};
/* End PBXShellScriptBuildPhase section */

/* Begin PBXSourcesBuildPhase section */
		A930FFB1248A8CF700C9E213 /* Sources */ = {
			isa = PBXSourcesBuildPhase;
			buildActionMask = 2147483647;
			files = (
				A9B8FC20248C07CB00346734 /* AppTheme.swift in Sources */,
				A9B8FC34248D04F900346734 /* WalletsResponse.swift in Sources */,
				A9B8FC3D248D109900346734 /* WalletCell.swift in Sources */,
				A9B8FC2A248C0E9E00346734 /* AssetCell.swift in Sources */,
				A9B8FC22248C07E800346734 /* Extensions.swift in Sources */,
				A9EF70B2248E5E4900111F4B /* Utils.swift in Sources */,
				A930FFBD248A8CF700C9E213 /* AssetsViewController.swift in Sources */,
				A930FFEC248A918800C9E213 /* AssetsProtocols.swift in Sources */,
				A9B8FC24248C086900346734 /* Fonts.swift in Sources */,
				A9B8FC1A248BDFD000346734 /* WalletsProtocols.swift in Sources */,
				A9B8FBFD248A950D00346734 /* AssetsInteractor.swift in Sources */,
				A9B8FBFF248A954C00346734 /* AssetsRouter.swift in Sources */,
				A9B8FC0E248A993200346734 /* Response.swift in Sources */,
				A9B8FC1C248BE0BD00346734 /* WalletsViewController.swift in Sources */,
				A930FFB9248A8CF700C9E213 /* AppDelegate.swift in Sources */,
				A9B8FC0B248A987900346734 /* APIClient.swift in Sources */,
				A9B8FC2E248D02FD00346734 /* Wallet.swift in Sources */,
				A9B8FC36248D056100346734 /* WalletsPresenter.swift in Sources */,
				A9B8FC08248A97FE00346734 /* AssetsResponse.swift in Sources */,
				A9B8FC06248A976700346734 /* Fiat.swift in Sources */,
				A9B8FBFB248A94B700346734 /* AssetsPresenter.swift in Sources */,
				A9B8FC2C248C2C3800346734 /* SVGProcessor.swift in Sources */,
				A9B8FC38248D05BA00346734 /* WalletsInteractor.swift in Sources */,
				A9B8FC32248D034200346734 /* FiatWallet.swift in Sources */,
				A9B8FC18248BDE7000346734 /* TabBarViewController.swift in Sources */,
				A9B8FC3A248D06AE00346734 /* WalletsRouter.swift in Sources */,
				A9B8FC1E248C076300346734 /* UIComponents.swift in Sources */,
				A9B8FC01248A96BE00346734 /* Cryptocoin.swift in Sources */,
				A9B8FC30248D032600346734 /* CommodityWallet.swift in Sources */,
				A9B8FC04248A96EB00346734 /* Commodity.swift in Sources */,
			);
			runOnlyForDeploymentPostprocessing = 0;
		};
		A930FFC7248A8CFC00C9E213 /* Sources */ = {
			isa = PBXSourcesBuildPhase;
			buildActionMask = 2147483647;
			files = (
				A9E805662490DC6100C4305D /* WalletsPresenterTest.swift in Sources */,
				A9E8056A2490EA8700C4305D /* WalletsInteractorTest.swift in Sources */,
				A9E805642490D87300C4305D /* AssetsPresenterTest.swift in Sources */,
				A9E805682490E19100C4305D /* AssetsInteractorTest.swift in Sources */,
			);
			runOnlyForDeploymentPostprocessing = 0;
		};
/* End PBXSourcesBuildPhase section */

/* Begin PBXTargetDependency section */
		A930FFCD248A8CFC00C9E213 /* PBXTargetDependency */ = {
			isa = PBXTargetDependency;
			target = A930FFB4248A8CF700C9E213 /* Demo */;
			targetProxy = A930FFCC248A8CFC00C9E213 /* PBXContainerItemProxy */;
		};
/* End PBXTargetDependency section */

/* Begin PBXVariantGroup section */
		A930FFC3248A8CFC00C9E213 /* LaunchScreen.storyboard */ = {
			isa = PBXVariantGroup;
			children = (
				A930FFC4248A8CFC00C9E213 /* Base */,
			);
			name = LaunchScreen.storyboard;
			sourceTree = "<group>";
		};
/* End PBXVariantGroup section */

/* Begin XCBuildConfiguration section */
		A930FFD2248A8CFC00C9E213 /* Debug */ = {
			isa = XCBuildConfiguration;
			buildSettings = {
				ALWAYS_SEARCH_USER_PATHS = NO;
				CLANG_ANALYZER_NONNULL = YES;
				CLANG_ANALYZER_NUMBER_OBJECT_CONVERSION = YES_AGGRESSIVE;
				CLANG_CXX_LANGUAGE_STANDARD = "gnu++14";
				CLANG_CXX_LIBRARY = "libc++";
				CLANG_ENABLE_MODULES = YES;
				CLANG_ENABLE_OBJC_ARC = YES;
				CLANG_ENABLE_OBJC_WEAK = YES;
				CLANG_WARN_BLOCK_CAPTURE_AUTORELEASING = YES;
				CLANG_WARN_BOOL_CONVERSION = YES;
				CLANG_WARN_COMMA = YES;
				CLANG_WARN_CONSTANT_CONVERSION = YES;
				CLANG_WARN_DEPRECATED_OBJC_IMPLEMENTATIONS = YES;
				CLANG_WARN_DIRECT_OBJC_ISA_USAGE = YES_ERROR;
				CLANG_WARN_DOCUMENTATION_COMMENTS = YES;
				CLANG_WARN_EMPTY_BODY = YES;
				CLANG_WARN_ENUM_CONVERSION = YES;
				CLANG_WARN_INFINITE_RECURSION = YES;
				CLANG_WARN_INT_CONVERSION = YES;
				CLANG_WARN_NON_LITERAL_NULL_CONVERSION = YES;
				CLANG_WARN_OBJC_IMPLICIT_RETAIN_SELF = YES;
				CLANG_WARN_OBJC_LITERAL_CONVERSION = YES;
				CLANG_WARN_OBJC_ROOT_CLASS = YES_ERROR;
				CLANG_WARN_RANGE_LOOP_ANALYSIS = YES;
				CLANG_WARN_STRICT_PROTOTYPES = YES;
				CLANG_WARN_SUSPICIOUS_MOVE = YES;
				CLANG_WARN_UNGUARDED_AVAILABILITY = YES_AGGRESSIVE;
				CLANG_WARN_UNREACHABLE_CODE = YES;
				CLANG_WARN__DUPLICATE_METHOD_MATCH = YES;
				COPY_PHASE_STRIP = NO;
				DEBUG_INFORMATION_FORMAT = dwarf;
				ENABLE_STRICT_OBJC_MSGSEND = YES;
				ENABLE_TESTABILITY = YES;
				GCC_C_LANGUAGE_STANDARD = gnu11;
				GCC_DYNAMIC_NO_PIC = NO;
				GCC_NO_COMMON_BLOCKS = YES;
				GCC_OPTIMIZATION_LEVEL = 0;
				GCC_PREPROCESSOR_DEFINITIONS = (
					"DEBUG=1",
					"$(inherited)",
				);
				GCC_WARN_64_TO_32_BIT_CONVERSION = YES;
				GCC_WARN_ABOUT_RETURN_TYPE = YES_ERROR;
				GCC_WARN_UNDECLARED_SELECTOR = YES;
				GCC_WARN_UNINITIALIZED_AUTOS = YES_AGGRESSIVE;
				GCC_WARN_UNUSED_FUNCTION = YES;
				GCC_WARN_UNUSED_VARIABLE = YES;
				IPHONEOS_DEPLOYMENT_TARGET = 13.2;
				MTL_ENABLE_DEBUG_INFO = INCLUDE_SOURCE;
				MTL_FAST_MATH = YES;
				ONLY_ACTIVE_ARCH = YES;
				SDKROOT = iphoneos;
				SWIFT_ACTIVE_COMPILATION_CONDITIONS = DEBUG;
				SWIFT_OPTIMIZATION_LEVEL = "-Onone";
			};
			name = Debug;
		};
		A930FFD3248A8CFC00C9E213 /* Release */ = {
			isa = XCBuildConfiguration;
			buildSettings = {
				ALWAYS_SEARCH_USER_PATHS = NO;
				CLANG_ANALYZER_NONNULL = YES;
				CLANG_ANALYZER_NUMBER_OBJECT_CONVERSION = YES_AGGRESSIVE;
				CLANG_CXX_LANGUAGE_STANDARD = "gnu++14";
				CLANG_CXX_LIBRARY = "libc++";
				CLANG_ENABLE_MODULES = YES;
				CLANG_ENABLE_OBJC_ARC = YES;
				CLANG_ENABLE_OBJC_WEAK = YES;
				CLANG_WARN_BLOCK_CAPTURE_AUTORELEASING = YES;
				CLANG_WARN_BOOL_CONVERSION = YES;
				CLANG_WARN_COMMA = YES;
				CLANG_WARN_CONSTANT_CONVERSION = YES;
				CLANG_WARN_DEPRECATED_OBJC_IMPLEMENTATIONS = YES;
				CLANG_WARN_DIRECT_OBJC_ISA_USAGE = YES_ERROR;
				CLANG_WARN_DOCUMENTATION_COMMENTS = YES;
				CLANG_WARN_EMPTY_BODY = YES;
				CLANG_WARN_ENUM_CONVERSION = YES;
				CLANG_WARN_INFINITE_RECURSION = YES;
				CLANG_WARN_INT_CONVERSION = YES;
				CLANG_WARN_NON_LITERAL_NULL_CONVERSION = YES;
				CLANG_WARN_OBJC_IMPLICIT_RETAIN_SELF = YES;
				CLANG_WARN_OBJC_LITERAL_CONVERSION = YES;
				CLANG_WARN_OBJC_ROOT_CLASS = YES_ERROR;
				CLANG_WARN_RANGE_LOOP_ANALYSIS = YES;
				CLANG_WARN_STRICT_PROTOTYPES = YES;
				CLANG_WARN_SUSPICIOUS_MOVE = YES;
				CLANG_WARN_UNGUARDED_AVAILABILITY = YES_AGGRESSIVE;
				CLANG_WARN_UNREACHABLE_CODE = YES;
				CLANG_WARN__DUPLICATE_METHOD_MATCH = YES;
				COPY_PHASE_STRIP = NO;
				DEBUG_INFORMATION_FORMAT = "dwarf-with-dsym";
				ENABLE_NS_ASSERTIONS = NO;
				ENABLE_STRICT_OBJC_MSGSEND = YES;
				GCC_C_LANGUAGE_STANDARD = gnu11;
				GCC_NO_COMMON_BLOCKS = YES;
				GCC_WARN_64_TO_32_BIT_CONVERSION = YES;
				GCC_WARN_ABOUT_RETURN_TYPE = YES_ERROR;
				GCC_WARN_UNDECLARED_SELECTOR = YES;
				GCC_WARN_UNINITIALIZED_AUTOS = YES_AGGRESSIVE;
				GCC_WARN_UNUSED_FUNCTION = YES;
				GCC_WARN_UNUSED_VARIABLE = YES;
				IPHONEOS_DEPLOYMENT_TARGET = 13.2;
				MTL_ENABLE_DEBUG_INFO = NO;
				MTL_FAST_MATH = YES;
				SDKROOT = iphoneos;
				SWIFT_COMPILATION_MODE = wholemodule;
				SWIFT_OPTIMIZATION_LEVEL = "-O";
				VALIDATE_PRODUCT = YES;
			};
			name = Release;
		};
		A930FFD5248A8CFC00C9E213 /* Debug */ = {
			isa = XCBuildConfiguration;
			baseConfigurationReference = D16C0A4BC921D6A794C09DF5 /* Pods-Demo.debug.xcconfig */;
			buildSettings = {
				ASSETCATALOG_COMPILER_APPICON_NAME = AppIcon;
				CODE_SIGN_STYLE = Automatic;
				DEVELOPMENT_TEAM = R95P2NMLBF;
				INFOPLIST_FILE = Demo/Info.plist;
				LD_RUNPATH_SEARCH_PATHS = (
					"$(inherited)",
					"@executable_path/Frameworks",
				);
				PRODUCT_BUNDLE_IDENTIFIER = com.FarhanMirza.Demo;
				PRODUCT_NAME = "$(TARGET_NAME)";
				SWIFT_VERSION = 5.0;
				TARGETED_DEVICE_FAMILY = 1;
			};
			name = Debug;
		};
		A930FFD6248A8CFC00C9E213 /* Release */ = {
			isa = XCBuildConfiguration;
			baseConfigurationReference = 7D4313BD6F096DEAEFFA358C /* Pods-Demo.release.xcconfig */;
			buildSettings = {
				ASSETCATALOG_COMPILER_APPICON_NAME = AppIcon;
				CODE_SIGN_STYLE = Automatic;
				DEVELOPMENT_TEAM = R95P2NMLBF;
				INFOPLIST_FILE = Demo/Info.plist;
				LD_RUNPATH_SEARCH_PATHS = (
					"$(inherited)",
					"@executable_path/Frameworks",
				);
				PRODUCT_BUNDLE_IDENTIFIER = com.FarhanMirza.Demo;
				PRODUCT_NAME = "$(TARGET_NAME)";
				SWIFT_VERSION = 5.0;
				TARGETED_DEVICE_FAMILY = 1;
			};
			name = Release;
		};
		A930FFD8248A8CFC00C9E213 /* Debug */ = {
			isa = XCBuildConfiguration;
			baseConfigurationReference = 6F079A8C782E730623731C86 /* Pods-DemoTests.debug.xcconfig */;
			buildSettings = {
				ALWAYS_EMBED_SWIFT_STANDARD_LIBRARIES = YES;
				BUNDLE_LOADER = "$(TEST_HOST)";
				CODE_SIGN_STYLE = Automatic;
				DEVELOPMENT_TEAM = R95P2NMLBF;
				INFOPLIST_FILE = DemoTests/Info.plist;
				IPHONEOS_DEPLOYMENT_TARGET = 13.2;
				LD_RUNPATH_SEARCH_PATHS = (
					"$(inherited)",
					"@executable_path/Frameworks",
					"@loader_path/Frameworks",
				);
				PRODUCT_BUNDLE_IDENTIFIER = com.FarhanMirza.DemoTests;
				PRODUCT_NAME = "$(TARGET_NAME)";
				SWIFT_VERSION = 5.0;
				TARGETED_DEVICE_FAMILY = "1,2";
				TEST_HOST = "$(BUILT_PRODUCTS_DIR)/Demo.app/Demo";
			};
			name = Debug;
		};
		A930FFD9248A8CFC00C9E213 /* Release */ = {
			isa = XCBuildConfiguration;
			baseConfigurationReference = B9A51EA04CD68A062B806DFF /* Pods-DemoTests.release.xcconfig */;
			buildSettings = {
				ALWAYS_EMBED_SWIFT_STANDARD_LIBRARIES = YES;
				BUNDLE_LOADER = "$(TEST_HOST)";
				CODE_SIGN_STYLE = Automatic;
				DEVELOPMENT_TEAM = R95P2NMLBF;
				INFOPLIST_FILE = DemoTests/Info.plist;
				IPHONEOS_DEPLOYMENT_TARGET = 13.2;
				LD_RUNPATH_SEARCH_PATHS = (
					"$(inherited)",
					"@executable_path/Frameworks",
					"@loader_path/Frameworks",
				);
				PRODUCT_BUNDLE_IDENTIFIER = com.FarhanMirza.DemoTests;
				PRODUCT_NAME = "$(TARGET_NAME)";
				SWIFT_VERSION = 5.0;
				TARGETED_DEVICE_FAMILY = "1,2";
				TEST_HOST = "$(BUILT_PRODUCTS_DIR)/Demo.app/Demo";
			};
			name = Release;
		};
/* End XCBuildConfiguration section */

/* Begin XCConfigurationList section */
		A930FFB0248A8CF700C9E213 /* Build configuration list for PBXProject "Demo" */ = {
			isa = XCConfigurationList;
			buildConfigurations = (
				A930FFD2248A8CFC00C9E213 /* Debug */,
				A930FFD3248A8CFC00C9E213 /* Release */,
			);
			defaultConfigurationIsVisible = 0;
			defaultConfigurationName = Release;
		};
		A930FFD4248A8CFC00C9E213 /* Build configuration list for PBXNativeTarget "Demo" */ = {
			isa = XCConfigurationList;
			buildConfigurations = (
				A930FFD5248A8CFC00C9E213 /* Debug */,
				A930FFD6248A8CFC00C9E213 /* Release */,
			);
			defaultConfigurationIsVisible = 0;
			defaultConfigurationName = Release;
		};
		A930FFD7248A8CFC00C9E213 /* Build configuration list for PBXNativeTarget "DemoTests" */ = {
			isa = XCConfigurationList;
			buildConfigurations = (
				A930FFD8248A8CFC00C9E213 /* Debug */,
				A930FFD9248A8CFC00C9E213 /* Release */,
			);
			defaultConfigurationIsVisible = 0;
			defaultConfigurationName = Release;
		};
/* End XCConfigurationList section */
	};
	rootObject = A930FFAD248A8CF700C9E213 /* Project object */;
}
